
Microsoft Visual Studio Solution File, Format Version 12.00
# Visual Studio Version 17
VisualStudioVersion = 17.11.35327.3
MinimumVisualStudioVersion = 10.0.40219.1
Project("{FAE04EC0-301F-11D3-BF4B-00C04F79EFBC}") = "Nazar_Tatto_CZ", "Nazar_Tatto_CZ\Nazar_Tatto_CZ.csproj", "{66B686E6-0D93-4A92-A077-475CB49C2AFA}"
EndProject
Global
	GlobalSection(SolutionConfigurationPlatforms) = preSolution
		Debug|Any CPU = Debug|Any CPU
		Release|Any CPU = Release|Any CPU
	EndGlobalSection
	GlobalSection(ProjectConfigurationPlatforms) = postSolution
		{66B686E6-0D93-4A92-A077-475CB49C2AFA}.Debug|Any CPU.ActiveCfg = Debug|Any CPU
		{66B686E6-0D93-4A92-A077-475CB49C2AFA}.Debug|Any CPU.Build.0 = Debug|Any CPU
		{66B686E6-0D93-4A92-A077-475CB49C2AFA}.Release|Any CPU.ActiveCfg = Release|Any CPU
		{66B686E6-0D93-4A92-A077-475CB49C2AFA}.Release|Any CPU.Build.0 = Release|Any CPU
	EndGlobalSection
	GlobalSection(SolutionProperties) = preSolution
		HideSolutionNode = FALSE
	EndGlobalSection
	GlobalSection(ExtensibilityGlobals) = postSolution
		SolutionGuid = {60617557-F14A-4FE8-B01D-46F0268FD37A}
	EndGlobalSection
EndGlobal
